
Microsoft Visual Studio Solution File, Format Version 12.00
# Visual Studio Version 17
VisualStudioVersion = 17.0.31919.166
MinimumVisualStudioVersion = 10.0.40219.1
Project("{9A19103F-16F7-4668-BE54-9A1E7A4F7556}") = "TimesTables", "TimesTables.csproj", "{5518A7E9-4902-4A26-A6E9-101CEC6D30FA}"
EndProject
Global
	GlobalSection(SolutionConfigurationPlatforms) = preSolution
		Debug|Any CPU = Debug|Any CPU
		Release|Any CPU = Release|Any CPU
	EndGlobalSection
	GlobalSection(ProjectConfigurationPlatforms) = postSolution
		{5518A7E9-4902-4A26-A6E9-101CEC6D30FA}.Debug|Any CPU.ActiveCfg = Debug|Any CPU
		{5518A7E9-4902-4A26-A6E9-101CEC6D30FA}.Debug|Any CPU.Build.0 = Debug|Any CPU
		{5518A7E9-4902-4A26-A6E9-101CEC6D30FA}.Release|Any CPU.ActiveCfg = Release|Any CPU
		{5518A7E9-4902-4A26-A6E9-101CEC6D30FA}.Release|Any CPU.Build.0 = Release|Any CPU
	EndGlobalSection
	GlobalSection(SolutionProperties) = preSolution
		HideSolutionNode = FALSE
	EndGlobalSection
	GlobalSection(ExtensibilityGlobals) = postSolution
		SolutionGuid = {B55C2B51-3B04-4D8E-A6E0-DC6AF9AC6D60}
	EndGlobalSection
EndGlobal
